
Microsoft Visual Studio Solution File, Format Version 12.00
# Visual Studio 15
VisualStudioVersion = 15.0.28010.2046
MinimumVisualStudioVersion = 10.0.40219.1
Project("{FAE04EC0-301F-11D3-BF4B-00C04F79EFBC}") = "wpfdemo", "wpfdemo\wpfdemo.csproj", "{8E1CF50A-AC90-4976-BBB8-F6FF26CB543E}"
EndProject
Project("{FAE04EC0-301F-11D3-BF4B-00C04F79EFBC}") = "demo1", "demo1\demo1.csproj", "{39C12D21-EDF8-4A5B-ACDB-29E5353B98B3}"
EndProject
Project("{FAE04EC0-301F-11D3-BF4B-00C04F79EFBC}") = "MyDemo1", "MyDemo1\MyDemo1.csproj", "{58980C46-B593-4E71-B7E9-C4D988D16E24}"
EndProject
Global
	GlobalSection(SolutionConfigurationPlatforms) = preSolution
		Debug|Any CPU = Debug|Any CPU
		Debug|x86 = Debug|x86
		Release|Any CPU = Release|Any CPU
		Release|x86 = Release|x86
	EndGlobalSection
	GlobalSection(ProjectConfigurationPlatforms) = postSolution
		{8E1CF50A-AC90-4976-BBB8-F6FF26CB543E}.Debug|Any CPU.ActiveCfg = Debug|x86
		{8E1CF50A-AC90-4976-BBB8-F6FF26CB543E}.Debug|x86.ActiveCfg = Debug|x86
		{8E1CF50A-AC90-4976-BBB8-F6FF26CB543E}.Debug|x86.Build.0 = Debug|x86
		{8E1CF50A-AC90-4976-BBB8-F6FF26CB543E}.Release|Any CPU.ActiveCfg = Release|x86
		{8E1CF50A-AC90-4976-BBB8-F6FF26CB543E}.Release|x86.ActiveCfg = Release|x86
		{8E1CF50A-AC90-4976-BBB8-F6FF26CB543E}.Release|x86.Build.0 = Release|x86
		{39C12D21-EDF8-4A5B-ACDB-29E5353B98B3}.Debug|Any CPU.ActiveCfg = Debug|Any CPU
		{39C12D21-EDF8-4A5B-ACDB-29E5353B98B3}.Debug|Any CPU.Build.0 = Debug|Any CPU
		{39C12D21-EDF8-4A5B-ACDB-29E5353B98B3}.Debug|x86.ActiveCfg = Debug|Any CPU
		{39C12D21-EDF8-4A5B-ACDB-29E5353B98B3}.Debug|x86.Build.0 = Debug|Any CPU
		{39C12D21-EDF8-4A5B-ACDB-29E5353B98B3}.Release|Any CPU.ActiveCfg = Release|Any CPU
		{39C12D21-EDF8-4A5B-ACDB-29E5353B98B3}.Release|Any CPU.Build.0 = Release|Any CPU
		{39C12D21-EDF8-4A5B-ACDB-29E5353B98B3}.Release|x86.ActiveCfg = Release|Any CPU
		{39C12D21-EDF8-4A5B-ACDB-29E5353B98B3}.Release|x86.Build.0 = Release|Any CPU
		{58980C46-B593-4E71-B7E9-C4D988D16E24}.Debug|Any CPU.ActiveCfg = Debug|Any CPU
		{58980C46-B593-4E71-B7E9-C4D988D16E24}.Debug|Any CPU.Build.0 = Debug|Any CPU
		{58980C46-B593-4E71-B7E9-C4D988D16E24}.Debug|x86.ActiveCfg = Debug|Any CPU
		{58980C46-B593-4E71-B7E9-C4D988D16E24}.Debug|x86.Build.0 = Debug|Any CPU
		{58980C46-B593-4E71-B7E9-C4D988D16E24}.Release|Any CPU.ActiveCfg = Release|Any CPU
		{58980C46-B593-4E71-B7E9-C4D988D16E24}.Release|Any CPU.Build.0 = Release|Any CPU
		{58980C46-B593-4E71-B7E9-C4D988D16E24}.Release|x86.ActiveCfg = Release|Any CPU
		{58980C46-B593-4E71-B7E9-C4D988D16E24}.Release|x86.Build.0 = Release|Any CPU
	EndGlobalSection
	GlobalSection(SolutionProperties) = preSolution
		HideSolutionNode = FALSE
	EndGlobalSection
	GlobalSection(ExtensibilityGlobals) = postSolution
		SolutionGuid = {308C0C2B-B2D6-4F92-8F07-D791469F84AA}
	EndGlobalSection
EndGlobal
